// !$*UTF8*$!
{
	archiveVersion = 1;
	classes = {
	};
	objectVersion = 50;
	objects = {

/* Begin PBXBuildFile section */
		1B05CCA4210A3A8D0064521D /* AppDelegate.swift in Sources */ = {isa = PBXBuildFile; fileRef = 1B05CCA3210A3A8D0064521D /* AppDelegate.swift */; };
		1B05CCA6210A3A8D0064521D /* LoginViewController.swift in Sources */ = {isa = PBXBuildFile; fileRef = 1B05CCA5210A3A8D0064521D /* LoginViewController.swift */; };
		1B05CCA9210A3A8D0064521D /* Main.storyboard in Resources */ = {isa = PBXBuildFile; fileRef = 1B05CCA7210A3A8D0064521D /* Main.storyboard */; };
		1B05CCAB210A3A8F0064521D /* Assets.xcassets in Resources */ = {isa = PBXBuildFile; fileRef = 1B05CCAA210A3A8F0064521D /* Assets.xcassets */; };
		1B05CCAE210A3A8F0064521D /* LaunchScreen.storyboard in Resources */ = {isa = PBXBuildFile; fileRef = 1B05CCAC210A3A8F0064521D /* LaunchScreen.storyboard */; };
		1B05CCB6210A3C2A0064521D /* GoogleService-Info.plist in Resources */ = {isa = PBXBuildFile; fileRef = 1B05CCB5210A3C2A0064521D /* GoogleService-Info.plist */; };
		1B86982E2112340D00524F36 /* UserLoginController.swift in Sources */ = {isa = PBXBuildFile; fileRef = 1B86982D2112340D00524F36 /* UserLoginController.swift */; };
		1BCBCDC4210CB2F2001F016A /* UIColor.swift in Sources */ = {isa = PBXBuildFile; fileRef = 1BCBCDC3210CB2F2001F016A /* UIColor.swift */; };
		1BCBCDC6210E0A20001F016A /* MainTabBarController.swift in Sources */ = {isa = PBXBuildFile; fileRef = 1BCBCDC5210E0A20001F016A /* MainTabBarController.swift */; };
		1BCBCDC8210E0CA6001F016A /* UserProfileController.swift in Sources */ = {isa = PBXBuildFile; fileRef = 1BCBCDC7210E0CA6001F016A /* UserProfileController.swift */; };
		1BCBCDCA210E14AA001F016A /* UserProfileHeader.swift in Sources */ = {isa = PBXBuildFile; fileRef = 1BCBCDC9210E14AA001F016A /* UserProfileHeader.swift */; };
		FFF3F5528B57833F260676C7 /* Pods_Sonder.framework in Frameworks */ = {isa = PBXBuildFile; fileRef = 6B3FCE7F359FAECCA2481095 /* Pods_Sonder.framework */; };
/* End PBXBuildFile section */

/* Begin PBXFileReference section */
		1AFC47CF8CBC7963001ECB50 /* Pods-Sonder.release.xcconfig */ = {isa = PBXFileReference; includeInIndex = 1; lastKnownFileType = text.xcconfig; name = "Pods-Sonder.release.xcconfig"; path = "Pods/Target Support Files/Pods-Sonder/Pods-Sonder.release.xcconfig"; sourceTree = "<group>"; };
		1B05CCA0210A3A8C0064521D /* Sonder.app */ = {isa = PBXFileReference; explicitFileType = wrapper.application; includeInIndex = 0; path = Sonder.app; sourceTree = BUILT_PRODUCTS_DIR; };
		1B05CCA3210A3A8D0064521D /* AppDelegate.swift */ = {isa = PBXFileReference; lastKnownFileType = sourcecode.swift; path = AppDelegate.swift; sourceTree = "<group>"; };
		1B05CCA5210A3A8D0064521D /* LoginViewController.swift */ = {isa = PBXFileReference; lastKnownFileType = sourcecode.swift; path = LoginViewController.swift; sourceTree = "<group>"; };
		1B05CCA8210A3A8D0064521D /* Base */ = {isa = PBXFileReference; lastKnownFileType = file.storyboard; name = Base; path = Base.lproj/Main.storyboard; sourceTree = "<group>"; };
		1B05CCAA210A3A8F0064521D /* Assets.xcassets */ = {isa = PBXFileReference; lastKnownFileType = folder.assetcatalog; path = Assets.xcassets; sourceTree = "<group>"; };
		1B05CCAD210A3A8F0064521D /* Base */ = {isa = PBXFileReference; lastKnownFileType = file.storyboard; name = Base; path = Base.lproj/LaunchScreen.storyboard; sourceTree = "<group>"; };
		1B05CCAF210A3A8F0064521D /* Info.plist */ = {isa = PBXFileReference; lastKnownFileType = text.plist.xml; path = Info.plist; sourceTree = "<group>"; };
		1B05CCB5210A3C2A0064521D /* GoogleService-Info.plist */ = {isa = PBXFileReference; fileEncoding = 4; lastKnownFileType = text.plist.xml; path = "GoogleService-Info.plist"; sourceTree = "<group>"; };
		1B86982D2112340D00524F36 /* UserLoginController.swift */ = {isa = PBXFileReference; lastKnownFileType = sourcecode.swift; path = UserLoginController.swift; sourceTree = "<group>"; };
		1BCBCDC3210CB2F2001F016A /* UIColor.swift */ = {isa = PBXFileReference; lastKnownFileType = sourcecode.swift; path = UIColor.swift; sourceTree = "<group>"; };
		1BCBCDC5210E0A20001F016A /* MainTabBarController.swift */ = {isa = PBXFileReference; lastKnownFileType = sourcecode.swift; path = MainTabBarController.swift; sourceTree = "<group>"; };
		1BCBCDC7210E0CA6001F016A /* UserProfileController.swift */ = {isa = PBXFileReference; lastKnownFileType = sourcecode.swift; path = UserProfileController.swift; sourceTree = "<group>"; };
		1BCBCDC9210E14AA001F016A /* UserProfileHeader.swift */ = {isa = PBXFileReference; lastKnownFileType = sourcecode.swift; path = UserProfileHeader.swift; sourceTree = "<group>"; };
		1CF71B9D9E432B8029D3C734 /* Pods-Sonder.debug.xcconfig */ = {isa = PBXFileReference; includeInIndex = 1; lastKnownFileType = text.xcconfig; name = "Pods-Sonder.debug.xcconfig"; path = "Pods/Target Support Files/Pods-Sonder/Pods-Sonder.debug.xcconfig"; sourceTree = "<group>"; };
		6B3FCE7F359FAECCA2481095 /* Pods_Sonder.framework */ = {isa = PBXFileReference; explicitFileType = wrapper.framework; includeInIndex = 0; path = Pods_Sonder.framework; sourceTree = BUILT_PRODUCTS_DIR; };
/* End PBXFileReference section */

/* Begin PBXFrameworksBuildPhase section */
		1B05CC9D210A3A8C0064521D /* Frameworks */ = {
			isa = PBXFrameworksBuildPhase;
			buildActionMask = 2147483647;
			files = (
				FFF3F5528B57833F260676C7 /* Pods_Sonder.framework in Frameworks */,
			);
			runOnlyForDeploymentPostprocessing = 0;
		};
/* End PBXFrameworksBuildPhase section */

/* Begin PBXGroup section */
		1B05CC97210A3A8C0064521D = {
			isa = PBXGroup;
			children = (
				1B05CCA2210A3A8C0064521D /* Sonder */,
				1B05CCA1210A3A8C0064521D /* Products */,
				F0857EB8982AA38E6EF3D5F0 /* Pods */,
				791390575BE49EC6AAE1D583 /* Frameworks */,
			);
			sourceTree = "<group>";
		};
		1B05CCA1210A3A8C0064521D /* Products */ = {
			isa = PBXGroup;
			children = (
				1B05CCA0210A3A8C0064521D /* Sonder.app */,
			);
			name = Products;
			sourceTree = "<group>";
		};
		1B05CCA2210A3A8C0064521D /* Sonder */ = {
			isa = PBXGroup;
			children = (
				1BCBCDC2210CB2D1001F016A /* Extensions */,
				1B05CCA3210A3A8D0064521D /* AppDelegate.swift */,
				1B05CCA5210A3A8D0064521D /* LoginViewController.swift */,
				1B86982D2112340D00524F36 /* UserLoginController.swift */,
				1BCBCDC5210E0A20001F016A /* MainTabBarController.swift */,
				1BCBCDC7210E0CA6001F016A /* UserProfileController.swift */,
				1BCBCDC9210E14AA001F016A /* UserProfileHeader.swift */,
				1B05CCA7210A3A8D0064521D /* Main.storyboard */,
				1B05CCAA210A3A8F0064521D /* Assets.xcassets */,
				1B05CCAC210A3A8F0064521D /* LaunchScreen.storyboard */,
				1B05CCAF210A3A8F0064521D /* Info.plist */,
				1B05CCB5210A3C2A0064521D /* GoogleService-Info.plist */,
			);
			path = Sonder;
			sourceTree = "<group>";
		};
		1BCBCDC2210CB2D1001F016A /* Extensions */ = {
			isa = PBXGroup;
			children = (
				1BCBCDC3210CB2F2001F016A /* UIColor.swift */,
			);
			path = Extensions;
			sourceTree = "<group>";
		};
		791390575BE49EC6AAE1D583 /* Frameworks */ = {
			isa = PBXGroup;
			children = (
				6B3FCE7F359FAECCA2481095 /* Pods_Sonder.framework */,
			);
			name = Frameworks;
			sourceTree = "<group>";
		};
		F0857EB8982AA38E6EF3D5F0 /* Pods */ = {
			isa = PBXGroup;
			children = (
				1CF71B9D9E432B8029D3C734 /* Pods-Sonder.debug.xcconfig */,
				1AFC47CF8CBC7963001ECB50 /* Pods-Sonder.release.xcconfig */,
			);
			name = Pods;
			sourceTree = "<group>";
		};
/* End PBXGroup section */

/* Begin PBXNativeTarget section */
		1B05CC9F210A3A8C0064521D /* Sonder */ = {
			isa = PBXNativeTarget;
			buildConfigurationList = 1B05CCB2210A3A8F0064521D /* Build configuration list for PBXNativeTarget "Sonder" */;
			buildPhases = (
				4D6BBEF30A76B25EE2AB82D0 /* [CP] Check Pods Manifest.lock */,
				1B05CC9C210A3A8C0064521D /* Sources */,
				1B05CC9D210A3A8C0064521D /* Frameworks */,
				1B05CC9E210A3A8C0064521D /* Resources */,
				77E6F1CB9C20408B278BB4BE /* [CP] Embed Pods Frameworks */,
			);
			buildRules = (
			);
			dependencies = (
			);
			name = Sonder;
			productName = Sonder;
			productReference = 1B05CCA0210A3A8C0064521D /* Sonder.app */;
			productType = "com.apple.product-type.application";
		};
/* End PBXNativeTarget section */

/* Begin PBXProject section */
		1B05CC98210A3A8C0064521D /* Project object */ = {
			isa = PBXProject;
			attributes = {
				LastSwiftUpdateCheck = 0940;
				LastUpgradeCheck = 0940;
				ORGANIZATIONNAME = "twisted echo";
				TargetAttributes = {
					1B05CC9F210A3A8C0064521D = {
						CreatedOnToolsVersion = 9.4.1;
					};
				};
			};
			buildConfigurationList = 1B05CC9B210A3A8C0064521D /* Build configuration list for PBXProject "Sonder" */;
			compatibilityVersion = "Xcode 9.3";
			developmentRegion = en;
			hasScannedForEncodings = 0;
			knownRegions = (
				en,
				Base,
			);
			mainGroup = 1B05CC97210A3A8C0064521D;
			productRefGroup = 1B05CCA1210A3A8C0064521D /* Products */;
			projectDirPath = "";
			projectRoot = "";
			targets = (
				1B05CC9F210A3A8C0064521D /* Sonder */,
			);
		};
/* End PBXProject section */

/* Begin PBXResourcesBuildPhase section */
		1B05CC9E210A3A8C0064521D /* Resources */ = {
			isa = PBXResourcesBuildPhase;
			buildActionMask = 2147483647;
			files = (
				1B05CCAE210A3A8F0064521D /* LaunchScreen.storyboard in Resources */,
				1B05CCB6210A3C2A0064521D /* GoogleService-Info.plist in Resources */,
				1B05CCAB210A3A8F0064521D /* Assets.xcassets in Resources */,
				1B05CCA9210A3A8D0064521D /* Main.storyboard in Resources */,
			);
			runOnlyForDeploymentPostprocessing = 0;
		};
/* End PBXResourcesBuildPhase section */

/* Begin PBXShellScriptBuildPhase section */
		4D6BBEF30A76B25EE2AB82D0 /* [CP] Check Pods Manifest.lock */ = {
			isa = PBXShellScriptBuildPhase;
			buildActionMask = 2147483647;
			files = (
			);
			inputPaths = (
				"${PODS_PODFILE_DIR_PATH}/Podfile.lock",
				"${PODS_ROOT}/Manifest.lock",
			);
			name = "[CP] Check Pods Manifest.lock";
			outputPaths = (
				"$(DERIVED_FILE_DIR)/Pods-Sonder-checkManifestLockResult.txt",
			);
			runOnlyForDeploymentPostprocessing = 0;
			shellPath = /bin/sh;
			shellScript = "diff \"${PODS_PODFILE_DIR_PATH}/Podfile.lock\" \"${PODS_ROOT}/Manifest.lock\" > /dev/null\nif [ $? != 0 ] ; then\n    # print error to STDERR\n    echo \"error: The sandbox is not in sync with the Podfile.lock. Run 'pod install' or update your CocoaPods installation.\" >&2\n    exit 1\nfi\n# This output is used by Xcode 'outputs' to avoid re-running this script phase.\necho \"SUCCESS\" > \"${SCRIPT_OUTPUT_FILE_0}\"\n";
			showEnvVarsInLog = 0;
		};
		77E6F1CB9C20408B278BB4BE /* [CP] Embed Pods Frameworks */ = {
			isa = PBXShellScriptBuildPhase;
			buildActionMask = 2147483647;
			files = (
			);
			inputPaths = (
				"${SRCROOT}/Pods/Target Support Files/Pods-Sonder/Pods-Sonder-frameworks.sh",
				"${BUILT_PRODUCTS_DIR}/GTMSessionFetcher/GTMSessionFetcher.framework",
				"${BUILT_PRODUCTS_DIR}/GoogleToolboxForMac/GoogleToolboxForMac.framework",
				"${BUILT_PRODUCTS_DIR}/leveldb-library/leveldb.framework",
				"${BUILT_PRODUCTS_DIR}/nanopb/nanopb.framework",
			);
			name = "[CP] Embed Pods Frameworks";
			outputPaths = (
				"${TARGET_BUILD_DIR}/${FRAMEWORKS_FOLDER_PATH}/GTMSessionFetcher.framework",
				"${TARGET_BUILD_DIR}/${FRAMEWORKS_FOLDER_PATH}/GoogleToolboxForMac.framework",
				"${TARGET_BUILD_DIR}/${FRAMEWORKS_FOLDER_PATH}/leveldb.framework",
				"${TARGET_BUILD_DIR}/${FRAMEWORKS_FOLDER_PATH}/nanopb.framework",
			);
			runOnlyForDeploymentPostprocessing = 0;
			shellPath = /bin/sh;
			shellScript = "\"${SRCROOT}/Pods/Target Support Files/Pods-Sonder/Pods-Sonder-frameworks.sh\"\n";
			showEnvVarsInLog = 0;
		};
/* End PBXShellScriptBuildPhase section */

/* Begin PBXSourcesBuildPhase section */
		1B05CC9C210A3A8C0064521D /* Sources */ = {
			isa = PBXSourcesBuildPhase;
			buildActionMask = 2147483647;
			files = (
				1B05CCA6210A3A8D0064521D /* LoginViewController.swift in Sources */,
				1BCBCDC4210CB2F2001F016A /* UIColor.swift in Sources */,
				1BCBCDC6210E0A20001F016A /* MainTabBarController.swift in Sources */,
				1BCBCDCA210E14AA001F016A /* UserProfileHeader.swift in Sources */,
				1BCBCDC8210E0CA6001F016A /* UserProfileController.swift in Sources */,
				1B05CCA4210A3A8D0064521D /* AppDelegate.swift in Sources */,
				1B86982E2112340D00524F36 /* UserLoginController.swift in Sources */,
			);
			runOnlyForDeploymentPostprocessing = 0;
		};
/* End PBXSourcesBuildPhase section */

/* Begin PBXVariantGroup section */
		1B05CCA7210A3A8D0064521D /* Main.storyboard */ = {
			isa = PBXVariantGroup;
			children = (
				1B05CCA8210A3A8D0064521D /* Base */,
			);
			name = Main.storyboard;
			sourceTree = "<group>";
		};
		1B05CCAC210A3A8F0064521D /* LaunchScreen.storyboard */ = {
			isa = PBXVariantGroup;
			children = (
				1B05CCAD210A3A8F0064521D /* Base */,
			);
			name = LaunchScreen.storyboard;
			sourceTree = "<group>";
		};
/* End PBXVariantGroup section */

/* Begin XCBuildConfiguration section */
		1B05CCB0210A3A8F0064521D /* Debug */ = {
			isa = XCBuildConfiguration;
			buildSettings = {
				ALWAYS_SEARCH_USER_PATHS = NO;
				CLANG_ANALYZER_NONNULL = YES;
				CLANG_ANALYZER_NUMBER_OBJECT_CONVERSION = YES_AGGRESSIVE;
				CLANG_CXX_LANGUAGE_STANDARD = "gnu++14";
				CLANG_CXX_LIBRARY = "libc++";
				CLANG_ENABLE_MODULES = YES;
				CLANG_ENABLE_OBJC_ARC = YES;
				CLANG_ENABLE_OBJC_WEAK = YES;
				CLANG_WARN_BLOCK_CAPTURE_AUTORELEASING = YES;
				CLANG_WARN_BOOL_CONVERSION = YES;
				CLANG_WARN_COMMA = YES;
				CLANG_WARN_CONSTANT_CONVERSION = YES;
				CLANG_WARN_DEPRECATED_OBJC_IMPLEMENTATIONS = YES;
				CLANG_WARN_DIRECT_OBJC_ISA_USAGE = YES_ERROR;
				CLANG_WARN_DOCUMENTATION_COMMENTS = YES;
				CLANG_WARN_EMPTY_BODY = YES;
				CLANG_WARN_ENUM_CONVERSION = YES;
				CLANG_WARN_INFINITE_RECURSION = YES;
				CLANG_WARN_INT_CONVERSION = YES;
				CLANG_WARN_NON_LITERAL_NULL_CONVERSION = YES;
				CLANG_WARN_OBJC_IMPLICIT_RETAIN_SELF = YES;
				CLANG_WARN_OBJC_LITERAL_CONVERSION = YES;
				CLANG_WARN_OBJC_ROOT_CLASS = YES_ERROR;
				CLANG_WARN_RANGE_LOOP_ANALYSIS = YES;
				CLANG_WARN_STRICT_PROTOTYPES = YES;
				CLANG_WARN_SUSPICIOUS_MOVE = YES;
				CLANG_WARN_UNGUARDED_AVAILABILITY = YES_AGGRESSIVE;
				CLANG_WARN_UNREACHABLE_CODE = YES;
				CLANG_WARN__DUPLICATE_METHOD_MATCH = YES;
				CODE_SIGN_IDENTITY = "iPhone Developer";
				COPY_PHASE_STRIP = NO;
				DEBUG_INFORMATION_FORMAT = dwarf;
				ENABLE_STRICT_OBJC_MSGSEND = YES;
				ENABLE_TESTABILITY = YES;
				GCC_C_LANGUAGE_STANDARD = gnu11;
				GCC_DYNAMIC_NO_PIC = NO;
				GCC_NO_COMMON_BLOCKS = YES;
				GCC_OPTIMIZATION_LEVEL = 0;
				GCC_PREPROCESSOR_DEFINITIONS = (
					"DEBUG=1",
					"$(inherited)",
				);
				GCC_WARN_64_TO_32_BIT_CONVERSION = YES;
				GCC_WARN_ABOUT_RETURN_TYPE = YES_ERROR;
				GCC_WARN_UNDECLARED_SELECTOR = YES;
				GCC_WARN_UNINITIALIZED_AUTOS = YES_AGGRESSIVE;
				GCC_WARN_UNUSED_FUNCTION = YES;
				GCC_WARN_UNUSED_VARIABLE = YES;
				IPHONEOS_DEPLOYMENT_TARGET = 11.4;
				MTL_ENABLE_DEBUG_INFO = YES;
				ONLY_ACTIVE_ARCH = YES;
				SDKROOT = iphoneos;
				SWIFT_ACTIVE_COMPILATION_CONDITIONS = DEBUG;
				SWIFT_OPTIMIZATION_LEVEL = "-Onone";
			};
			name = Debug;
		};
		1B05CCB1210A3A8F0064521D /* Release */ = {
			isa = XCBuildConfiguration;
			buildSettings = {
				ALWAYS_SEARCH_USER_PATHS = NO;
				CLANG_ANALYZER_NONNULL = YES;
				CLANG_ANALYZER_NUMBER_OBJECT_CONVERSION = YES_AGGRESSIVE;
				CLANG_CXX_LANGUAGE_STANDARD = "gnu++14";
				CLANG_CXX_LIBRARY = "libc++";
				CLANG_ENABLE_MODULES = YES;
				CLANG_ENABLE_OBJC_ARC = YES;
				CLANG_ENABLE_OBJC_WEAK = YES;
				CLANG_WARN_BLOCK_CAPTURE_AUTORELEASING = YES;
				CLANG_WARN_BOOL_CONVERSION = YES;
				CLANG_WARN_COMMA = YES;
				CLANG_WARN_CONSTANT_CONVERSION = YES;
				CLANG_WARN_DEPRECATED_OBJC_IMPLEMENTATIONS = YES;
				CLANG_WARN_DIRECT_OBJC_ISA_USAGE = YES_ERROR;
				CLANG_WARN_DOCUMENTATION_COMMENTS = YES;
				CLANG_WARN_EMPTY_BODY = YES;
				CLANG_WARN_ENUM_CONVERSION = YES;
				CLANG_WARN_INFINITE_RECURSION = YES;
				CLANG_WARN_INT_CONVERSION = YES;
				CLANG_WARN_NON_LITERAL_NULL_CONVERSION = YES;
				CLANG_WARN_OBJC_IMPLICIT_RETAIN_SELF = YES;
				CLANG_WARN_OBJC_LITERAL_CONVERSION = YES;
				CLANG_WARN_OBJC_ROOT_CLASS = YES_ERROR;
				CLANG_WARN_RANGE_LOOP_ANALYSIS = YES;
				CLANG_WARN_STRICT_PROTOTYPES = YES;
				CLANG_WARN_SUSPICIOUS_MOVE = YES;
				CLANG_WARN_UNGUARDED_AVAILABILITY = YES_AGGRESSIVE;
				CLANG_WARN_UNREACHABLE_CODE = YES;
				CLANG_WARN__DUPLICATE_METHOD_MATCH = YES;
				CODE_SIGN_IDENTITY = "iPhone Developer";
				COPY_PHASE_STRIP = NO;
				DEBUG_INFORMATION_FORMAT = "dwarf-with-dsym";
				ENABLE_NS_ASSERTIONS = NO;
				ENABLE_STRICT_OBJC_MSGSEND = YES;
				GCC_C_LANGUAGE_STANDARD = gnu11;
				GCC_NO_COMMON_BLOCKS = YES;
				GCC_WARN_64_TO_32_BIT_CONVERSION = YES;
				GCC_WARN_ABOUT_RETURN_TYPE = YES_ERROR;
				GCC_WARN_UNDECLARED_SELECTOR = YES;
				GCC_WARN_UNINITIALIZED_AUTOS = YES_AGGRESSIVE;
				GCC_WARN_UNUSED_FUNCTION = YES;
				GCC_WARN_UNUSED_VARIABLE = YES;
				IPHONEOS_DEPLOYMENT_TARGET = 11.4;
				MTL_ENABLE_DEBUG_INFO = NO;
				SDKROOT = iphoneos;
				SWIFT_COMPILATION_MODE = wholemodule;
				SWIFT_OPTIMIZATION_LEVEL = "-O";
				VALIDATE_PRODUCT = YES;
			};
			name = Release;
		};
		1B05CCB3210A3A8F0064521D /* Debug */ = {
			isa = XCBuildConfiguration;
			baseConfigurationReference = 1CF71B9D9E432B8029D3C734 /* Pods-Sonder.debug.xcconfig */;
			buildSettings = {
				ASSETCATALOG_COMPILER_APPICON_NAME = AppIcon;
				CODE_SIGN_STYLE = Automatic;
				DEVELOPMENT_TEAM = UMQAGMF379;
				INFOPLIST_FILE = Sonder/Info.plist;
				LD_RUNPATH_SEARCH_PATHS = (
					"$(inherited)",
					"@executable_path/Frameworks",
				);
				PRODUCT_BUNDLE_IDENTIFIER = com.twisted.Sonder;
				PRODUCT_NAME = "$(TARGET_NAME)";
				SWIFT_VERSION = 4.0;
				TARGETED_DEVICE_FAMILY = "1,2";
			};
			name = Debug;
		};
		1B05CCB4210A3A8F0064521D /* Release */ = {
			isa = XCBuildConfiguration;
			baseConfigurationReference = 1AFC47CF8CBC7963001ECB50 /* Pods-Sonder.release.xcconfig */;
			buildSettings = {
				ASSETCATALOG_COMPILER_APPICON_NAME = AppIcon;
				CODE_SIGN_STYLE = Automatic;
				DEVELOPMENT_TEAM = UMQAGMF379;
				INFOPLIST_FILE = Sonder/Info.plist;
				LD_RUNPATH_SEARCH_PATHS = (
					"$(inherited)",
					"@executable_path/Frameworks",
				);
				PRODUCT_BUNDLE_IDENTIFIER = com.twisted.Sonder;
				PRODUCT_NAME = "$(TARGET_NAME)";
				SWIFT_VERSION = 4.0;
				TARGETED_DEVICE_FAMILY = "1,2";
			};
			name = Release;
		};
/* End XCBuildConfiguration section */

/* Begin XCConfigurationList section */
		1B05CC9B210A3A8C0064521D /* Build configuration list for PBXProject "Sonder" */ = {
			isa = XCConfigurationList;
			buildConfigurations = (
				1B05CCB0210A3A8F0064521D /* Debug */,
				1B05CCB1210A3A8F0064521D /* Release */,
			);
			defaultConfigurationIsVisible = 0;
			defaultConfigurationName = Release;
		};
		1B05CCB2210A3A8F0064521D /* Build configuration list for PBXNativeTarget "Sonder" */ = {
			isa = XCConfigurationList;
			buildConfigurations = (
				1B05CCB3210A3A8F0064521D /* Debug */,
				1B05CCB4210A3A8F0064521D /* Release */,
			);
			defaultConfigurationIsVisible = 0;
			defaultConfigurationName = Release;
		};
/* End XCConfigurationList section */
	};
	rootObject = 1B05CC98210A3A8C0064521D /* Project object */;
}
